
Microsoft Visual Studio Solution File, Format Version 12.00
# Visual Studio Version 16
VisualStudioVersion = 16.0.31129.286
MinimumVisualStudioVersion = 10.0.40219.1
Project("{FAE04EC0-301F-11D3-BF4B-00C04F79EFBC}") = "Ex3", "Ex3\Ex3.csproj", "{F5C3C71C-F471-4F9B-B6D4-D31C16A8EF18}"
EndProject
Global
	GlobalSection(SolutionConfigurationPlatforms) = preSolution
		Debug|Any CPU = Debug|Any CPU
		Release|Any CPU = Release|Any CPU
	EndGlobalSection
	GlobalSection(ProjectConfigurationPlatforms) = postSolution
		{F5C3C71C-F471-4F9B-B6D4-D31C16A8EF18}.Debug|Any CPU.ActiveCfg = Debug|Any CPU
		{F5C3C71C-F471-4F9B-B6D4-D31C16A8EF18}.Debug|Any CPU.Build.0 = Debug|Any CPU
		{F5C3C71C-F471-4F9B-B6D4-D31C16A8EF18}.Release|Any CPU.ActiveCfg = Release|Any CPU
		{F5C3C71C-F471-4F9B-B6D4-D31C16A8EF18}.Release|Any CPU.Build.0 = Release|Any CPU
	EndGlobalSection
	GlobalSection(SolutionProperties) = preSolution
		HideSolutionNode = FALSE
	EndGlobalSection
	GlobalSection(ExtensibilityGlobals) = postSolution
		SolutionGuid = {B72247B1-9D85-490F-9E69-B857728735AA}
	EndGlobalSection
EndGlobal
